// !$*UTF8*$!
{
	archiveVersion = 1;
	classes = {
	};
	objectVersion = 46;
	objects = {

/* Begin PBXBuildFile section */
		1C6200D313E7647ABB0D355E /* libPods-YiYuanStron.a in Frameworks */ = {isa = PBXBuildFile; fileRef = 8C067514819BF7BDF354F875 /* libPods-YiYuanStron.a */; };
		6B037E601DD2CF4B0063300C /* RootViewController.m in Sources */ = {isa = PBXBuildFile; fileRef = 6B037E5F1DD2CF4B0063300C /* RootViewController.m */; };
		6B037E631DD3096C0063300C /* MainNavigationController.m in Sources */ = {isa = PBXBuildFile; fileRef = 6B037E621DD3096C0063300C /* MainNavigationController.m */; };
		6B1704C91DDAFFFF00C2775B /* UIWebViewAdditions.m in Sources */ = {isa = PBXBuildFile; fileRef = 6B1704C81DDAFFFF00C2775B /* UIWebViewAdditions.m */; };
		6B1704D11DDB009B00C2775B /* MDRadialProgressLabel.m in Sources */ = {isa = PBXBuildFile; fileRef = 6B1704CC1DDB009B00C2775B /* MDRadialProgressLabel.m */; };
		6B1704D21DDB009B00C2775B /* MDRadialProgressTheme.m in Sources */ = {isa = PBXBuildFile; fileRef = 6B1704CE1DDB009B00C2775B /* MDRadialProgressTheme.m */; };
		6B1704D31DDB009B00C2775B /* MDRadialProgressView.m in Sources */ = {isa = PBXBuildFile; fileRef = 6B1704D01DDB009B00C2775B /* MDRadialProgressView.m */; };
		6B1704D61DDB017600C2775B /* UIView+Ex.m in Sources */ = {isa = PBXBuildFile; fileRef = 6B1704D51DDB017600C2775B /* UIView+Ex.m */; };
		6B1704D91DDB0B5400C2775B /* UIImage+Ex.m in Sources */ = {isa = PBXBuildFile; fileRef = 6B1704D81DDB0B5400C2775B /* UIImage+Ex.m */; };
		6B1704DC1DDB0C0100C2775B /* UIColor+Expanded.m in Sources */ = {isa = PBXBuildFile; fileRef = 6B1704DB1DDB0C0100C2775B /* UIColor+Expanded.m */; };
		6B1704DF1DDB0EBE00C2775B /* WebViewController.m in Sources */ = {isa = PBXBuildFile; fileRef = 6B1704DE1DDB0EBE00C2775B /* WebViewController.m */; };
		6B28FB5E1DC8297C00AC4CC4 /* MainViewController.m in Sources */ = {isa = PBXBuildFile; fileRef = 6B28FB5D1DC8297C00AC4CC4 /* MainViewController.m */; };
		6B28FB641DC82FB800AC4CC4 /* MainTabBarController.m in Sources */ = {isa = PBXBuildFile; fileRef = 6B28FB631DC82FB800AC4CC4 /* MainTabBarController.m */; };
		6B504B451DDAB9C100E39F2A /* hyWebView.m in Sources */ = {isa = PBXBuildFile; fileRef = 6B504B441DDAB9C100E39F2A /* hyWebView.m */; };
		6B6F0FA21DC1984C00B80339 /* LoginViewController.m in Sources */ = {isa = PBXBuildFile; fileRef = 6B6F0FA11DC1984C00B80339 /* LoginViewController.m */; };
		6B6F0FA51DC1986B00B80339 /* BasicViewController.m in Sources */ = {isa = PBXBuildFile; fileRef = 6B6F0FA41DC1986B00B80339 /* BasicViewController.m */; };
		6B6F0FA91DC19C7A00B80339 /* UIView+Animations.m in Sources */ = {isa = PBXBuildFile; fileRef = 6B6F0FA81DC19C7A00B80339 /* UIView+Animations.m */; };
		6B6F0FAC1DC1A04600B80339 /* AppMagagerSingle.m in Sources */ = {isa = PBXBuildFile; fileRef = 6B6F0FAB1DC1A04600B80339 /* AppMagagerSingle.m */; };
		6B8724261DD1D6B2009F55AA /* LeftViewController.m in Sources */ = {isa = PBXBuildFile; fileRef = 6B8724251DD1D6B2009F55AA /* LeftViewController.m */; };
		6B9E4F8D1DD17C4C0033FC52 /* UIColor+Extern.m in Sources */ = {isa = PBXBuildFile; fileRef = 6B9E4F8C1DD17C4C0033FC52 /* UIColor+Extern.m */; };
		6BA012AD1DD4430C00173536 /* MenuScrollView.m in Sources */ = {isa = PBXBuildFile; fileRef = 6BA012AC1DD4430C00173536 /* MenuScrollView.m */; };
		6BA012B01DD45B6300173536 /* MenuItmeModel.m in Sources */ = {isa = PBXBuildFile; fileRef = 6BA012AF1DD45B6300173536 /* MenuItmeModel.m */; };
		6BDE03D21DC841B90020B051 /* BannerItemModel.m in Sources */ = {isa = PBXBuildFile; fileRef = 6BDE03D11DC841B90020B051 /* BannerItemModel.m */; };
		6BDE03D51DC86DE80020B051 /* BannerScrollView.m in Sources */ = {isa = PBXBuildFile; fileRef = 6BDE03D41DC86DE80020B051 /* BannerScrollView.m */; };
		C7392C681DAE36B600A52D09 /* main.m in Sources */ = {isa = PBXBuildFile; fileRef = C7392C671DAE36B600A52D09 /* main.m */; };
		C7392C6B1DAE36B600A52D09 /* AppDelegate.m in Sources */ = {isa = PBXBuildFile; fileRef = C7392C6A1DAE36B600A52D09 /* AppDelegate.m */; };
		C7392C711DAE36B600A52D09 /* Main.storyboard in Resources */ = {isa = PBXBuildFile; fileRef = C7392C6F1DAE36B600A52D09 /* Main.storyboard */; };
		C7392C731DAE36B600A52D09 /* Assets.xcassets in Resources */ = {isa = PBXBuildFile; fileRef = C7392C721DAE36B600A52D09 /* Assets.xcassets */; };
		C7392C761DAE36B600A52D09 /* LaunchScreen.storyboard in Resources */ = {isa = PBXBuildFile; fileRef = C7392C741DAE36B600A52D09 /* LaunchScreen.storyboard */; };
/* End PBXBuildFile section */

/* Begin PBXFileReference section */
		2ABB790F2848138110D9C2DC /* Pods-YiYuanStron.debug.xcconfig */ = {isa = PBXFileReference; includeInIndex = 1; lastKnownFileType = text.xcconfig; name = "Pods-YiYuanStron.debug.xcconfig"; path = "Pods/Target Support Files/Pods-YiYuanStron/Pods-YiYuanStron.debug.xcconfig"; sourceTree = "<group>"; };
		694CD81C55C1DC0C7E2A335F /* Pods-YiYuanStron.release.xcconfig */ = {isa = PBXFileReference; includeInIndex = 1; lastKnownFileType = text.xcconfig; name = "Pods-YiYuanStron.release.xcconfig"; path = "Pods/Target Support Files/Pods-YiYuanStron/Pods-YiYuanStron.release.xcconfig"; sourceTree = "<group>"; };
		6B037E5E1DD2CF4B0063300C /* RootViewController.h */ = {isa = PBXFileReference; fileEncoding = 4; lastKnownFileType = sourcecode.c.h; path = RootViewController.h; sourceTree = "<group>"; };
		6B037E5F1DD2CF4B0063300C /* RootViewController.m */ = {isa = PBXFileReference; fileEncoding = 4; lastKnownFileType = sourcecode.c.objc; path = RootViewController.m; sourceTree = "<group>"; };
		6B037E611DD3096C0063300C /* MainNavigationController.h */ = {isa = PBXFileReference; fileEncoding = 4; lastKnownFileType = sourcecode.c.h; path = MainNavigationController.h; sourceTree = "<group>"; };
		6B037E621DD3096C0063300C /* MainNavigationController.m */ = {isa = PBXFileReference; fileEncoding = 4; lastKnownFileType = sourcecode.c.objc; path = MainNavigationController.m; sourceTree = "<group>"; };
		6B1704C71DDAFFFF00C2775B /* UIWebViewAdditions.h */ = {isa = PBXFileReference; fileEncoding = 4; lastKnownFileType = sourcecode.c.h; path = UIWebViewAdditions.h; sourceTree = "<group>"; };
		6B1704C81DDAFFFF00C2775B /* UIWebViewAdditions.m */ = {isa = PBXFileReference; fileEncoding = 4; lastKnownFileType = sourcecode.c.objc; path = UIWebViewAdditions.m; sourceTree = "<group>"; };
		6B1704CB1DDB009B00C2775B /* MDRadialProgressLabel.h */ = {isa = PBXFileReference; fileEncoding = 4; lastKnownFileType = sourcecode.c.h; path = MDRadialProgressLabel.h; sourceTree = "<group>"; };
		6B1704CC1DDB009B00C2775B /* MDRadialProgressLabel.m */ = {isa = PBXFileReference; fileEncoding = 4; lastKnownFileType = sourcecode.c.objc; path = MDRadialProgressLabel.m; sourceTree = "<group>"; };
		6B1704CD1DDB009B00C2775B /* MDRadialProgressTheme.h */ = {isa = PBXFileReference; fileEncoding = 4; lastKnownFileType = sourcecode.c.h; path = MDRadialProgressTheme.h; sourceTree = "<group>"; };
		6B1704CE1DDB009B00C2775B /* MDRadialProgressTheme.m */ = {isa = PBXFileReference; fileEncoding = 4; lastKnownFileType = sourcecode.c.objc; path = MDRadialProgressTheme.m; sourceTree = "<group>"; };
		6B1704CF1DDB009B00C2775B /* MDRadialProgressView.h */ = {isa = PBXFileReference; fileEncoding = 4; lastKnownFileType = sourcecode.c.h; path = MDRadialProgressView.h; sourceTree = "<group>"; };
		6B1704D01DDB009B00C2775B /* MDRadialProgressView.m */ = {isa = PBXFileReference; fileEncoding = 4; lastKnownFileType = sourcecode.c.objc; path = MDRadialProgressView.m; sourceTree = "<group>"; };
		6B1704D41DDB017600C2775B /* UIView+Ex.h */ = {isa = PBXFileReference; fileEncoding = 4; lastKnownFileType = sourcecode.c.h; path = "UIView+Ex.h"; sourceTree = "<group>"; };
		6B1704D51DDB017600C2775B /* UIView+Ex.m */ = {isa = PBXFileReference; fileEncoding = 4; lastKnownFileType = sourcecode.c.objc; path = "UIView+Ex.m"; sourceTree = "<group>"; };
		6B1704D71DDB0B5400C2775B /* UIImage+Ex.h */ = {isa = PBXFileReference; fileEncoding = 4; lastKnownFileType = sourcecode.c.h; path = "UIImage+Ex.h"; sourceTree = "<group>"; };
		6B1704D81DDB0B5400C2775B /* UIImage+Ex.m */ = {isa = PBXFileReference; fileEncoding = 4; lastKnownFileType = sourcecode.c.objc; path = "UIImage+Ex.m"; sourceTree = "<group>"; };
		6B1704DA1DDB0C0100C2775B /* UIColor+Expanded.h */ = {isa = PBXFileReference; fileEncoding = 4; lastKnownFileType = sourcecode.c.h; path = "UIColor+Expanded.h"; sourceTree = "<group>"; };
		6B1704DB1DDB0C0100C2775B /* UIColor+Expanded.m */ = {isa = PBXFileReference; fileEncoding = 4; lastKnownFileType = sourcecode.c.objc; path = "UIColor+Expanded.m"; sourceTree = "<group>"; };
		6B1704DD1DDB0EBE00C2775B /* WebViewController.h */ = {isa = PBXFileReference; fileEncoding = 4; lastKnownFileType = sourcecode.c.h; path = WebViewController.h; sourceTree = "<group>"; };
		6B1704DE1DDB0EBE00C2775B /* WebViewController.m */ = {isa = PBXFileReference; fileEncoding = 4; lastKnownFileType = sourcecode.c.objc; path = WebViewController.m; sourceTree = "<group>"; };
		6B28FB5C1DC8297C00AC4CC4 /* MainViewController.h */ = {isa = PBXFileReference; fileEncoding = 4; lastKnownFileType = sourcecode.c.h; path = MainViewController.h; sourceTree = "<group>"; };
		6B28FB5D1DC8297C00AC4CC4 /* MainViewController.m */ = {isa = PBXFileReference; fileEncoding = 4; lastKnownFileType = sourcecode.c.objc; path = MainViewController.m; sourceTree = "<group>"; };
		6B28FB621DC82FB800AC4CC4 /* MainTabBarController.h */ = {isa = PBXFileReference; fileEncoding = 4; lastKnownFileType = sourcecode.c.h; path = MainTabBarController.h; sourceTree = "<group>"; };
		6B28FB631DC82FB800AC4CC4 /* MainTabBarController.m */ = {isa = PBXFileReference; fileEncoding = 4; lastKnownFileType = sourcecode.c.objc; path = MainTabBarController.m; sourceTree = "<group>"; };
		6B504B431DDAB9C100E39F2A /* hyWebView.h */ = {isa = PBXFileReference; fileEncoding = 4; lastKnownFileType = sourcecode.c.h; path = hyWebView.h; sourceTree = "<group>"; };
		6B504B441DDAB9C100E39F2A /* hyWebView.m */ = {isa = PBXFileReference; fileEncoding = 4; lastKnownFileType = sourcecode.c.objc; path = hyWebView.m; sourceTree = "<group>"; };
		6B6F0FA01DC1984C00B80339 /* LoginViewController.h */ = {isa = PBXFileReference; fileEncoding = 4; lastKnownFileType = sourcecode.c.h; path = LoginViewController.h; sourceTree = "<group>"; };
		6B6F0FA11DC1984C00B80339 /* LoginViewController.m */ = {isa = PBXFileReference; fileEncoding = 4; lastKnownFileType = sourcecode.c.objc; path = LoginViewController.m; sourceTree = "<group>"; };
		6B6F0FA31DC1986B00B80339 /* BasicViewController.h */ = {isa = PBXFileReference; fileEncoding = 4; lastKnownFileType = sourcecode.c.h; path = BasicViewController.h; sourceTree = "<group>"; };
		6B6F0FA41DC1986B00B80339 /* BasicViewController.m */ = {isa = PBXFileReference; fileEncoding = 4; lastKnownFileType = sourcecode.c.objc; path = BasicViewController.m; sourceTree = "<group>"; };
		6B6F0FA71DC19C7A00B80339 /* UIView+Animations.h */ = {isa = PBXFileReference; fileEncoding = 4; lastKnownFileType = sourcecode.c.h; path = "UIView+Animations.h"; sourceTree = "<group>"; };
		6B6F0FA81DC19C7A00B80339 /* UIView+Animations.m */ = {isa = PBXFileReference; fileEncoding = 4; lastKnownFileType = sourcecode.c.objc; path = "UIView+Animations.m"; sourceTree = "<group>"; };
		6B6F0FAA1DC1A04600B80339 /* AppMagagerSingle.h */ = {isa = PBXFileReference; fileEncoding = 4; lastKnownFileType = sourcecode.c.h; path = AppMagagerSingle.h; sourceTree = "<group>"; };
		6B6F0FAB1DC1A04600B80339 /* AppMagagerSingle.m */ = {isa = PBXFileReference; fileEncoding = 4; lastKnownFileType = sourcecode.c.objc; path = AppMagagerSingle.m; sourceTree = "<group>"; };
		6B8724241DD1D6B2009F55AA /* LeftViewController.h */ = {isa = PBXFileReference; fileEncoding = 4; lastKnownFileType = sourcecode.c.h; path = LeftViewController.h; sourceTree = "<group>"; };
		6B8724251DD1D6B2009F55AA /* LeftViewController.m */ = {isa = PBXFileReference; fileEncoding = 4; lastKnownFileType = sourcecode.c.objc; path = LeftViewController.m; sourceTree = "<group>"; };
		6B9E4F8B1DD17C4C0033FC52 /* UIColor+Extern.h */ = {isa = PBXFileReference; fileEncoding = 4; lastKnownFileType = sourcecode.c.h; path = "UIColor+Extern.h"; sourceTree = "<group>"; };
		6B9E4F8C1DD17C4C0033FC52 /* UIColor+Extern.m */ = {isa = PBXFileReference; fileEncoding = 4; lastKnownFileType = sourcecode.c.objc; path = "UIColor+Extern.m"; sourceTree = "<group>"; };
		6BA012AB1DD4430C00173536 /* MenuScrollView.h */ = {isa = PBXFileReference; fileEncoding = 4; lastKnownFileType = sourcecode.c.h; path = MenuScrollView.h; sourceTree = "<group>"; };
		6BA012AC1DD4430C00173536 /* MenuScrollView.m */ = {isa = PBXFileReference; fileEncoding = 4; lastKnownFileType = sourcecode.c.objc; path = MenuScrollView.m; sourceTree = "<group>"; };
		6BA012AE1DD45B6300173536 /* MenuItmeModel.h */ = {isa = PBXFileReference; fileEncoding = 4; lastKnownFileType = sourcecode.c.h; path = MenuItmeModel.h; sourceTree = "<group>"; };
		6BA012AF1DD45B6300173536 /* MenuItmeModel.m */ = {isa = PBXFileReference; fileEncoding = 4; lastKnownFileType = sourcecode.c.objc; path = MenuItmeModel.m; sourceTree = "<group>"; };
		6BDE03D01DC841B90020B051 /* BannerScrollView.h */ = {isa = PBXFileReference; fileEncoding = 4; lastKnownFileType = sourcecode.c.h; name = BannerScrollView.h; path = YiYuanStron/View/BannerScroll/BannerScrollView.h; sourceTree = SOURCE_ROOT; };
		6BDE03D11DC841B90020B051 /* BannerItemModel.m */ = {isa = PBXFileReference; fileEncoding = 4; lastKnownFileType = sourcecode.c.objc; name = BannerItemModel.m; path = YiYuanStron/View/BannerScroll/BannerItemModel.m; sourceTree = SOURCE_ROOT; };
		6BDE03D31DC86DE80020B051 /* BannerItemModel.h */ = {isa = PBXFileReference; fileEncoding = 4; lastKnownFileType = sourcecode.c.h; path = BannerItemModel.h; sourceTree = "<group>"; };
		6BDE03D41DC86DE80020B051 /* BannerScrollView.m */ = {isa = PBXFileReference; fileEncoding = 4; lastKnownFileType = sourcecode.c.objc; path = BannerScrollView.m; sourceTree = "<group>"; };
		8C067514819BF7BDF354F875 /* libPods-YiYuanStron.a */ = {isa = PBXFileReference; explicitFileType = archive.ar; includeInIndex = 0; path = "libPods-YiYuanStron.a"; sourceTree = BUILT_PRODUCTS_DIR; };
		C7392C631DAE36B600A52D09 /* YiYuanStron.app */ = {isa = PBXFileReference; explicitFileType = wrapper.application; includeInIndex = 0; path = YiYuanStron.app; sourceTree = BUILT_PRODUCTS_DIR; };
		C7392C671DAE36B600A52D09 /* main.m */ = {isa = PBXFileReference; lastKnownFileType = sourcecode.c.objc; path = main.m; sourceTree = "<group>"; };
		C7392C691DAE36B600A52D09 /* AppDelegate.h */ = {isa = PBXFileReference; lastKnownFileType = sourcecode.c.h; path = AppDelegate.h; sourceTree = "<group>"; };
		C7392C6A1DAE36B600A52D09 /* AppDelegate.m */ = {isa = PBXFileReference; lastKnownFileType = sourcecode.c.objc; path = AppDelegate.m; sourceTree = "<group>"; };
		C7392C701DAE36B600A52D09 /* Base */ = {isa = PBXFileReference; lastKnownFileType = file.storyboard; name = Base; path = Base.lproj/Main.storyboard; sourceTree = "<group>"; };
		C7392C721DAE36B600A52D09 /* Assets.xcassets */ = {isa = PBXFileReference; lastKnownFileType = folder.assetcatalog; path = Assets.xcassets; sourceTree = "<group>"; };
		C7392C751DAE36B600A52D09 /* Base */ = {isa = PBXFileReference; lastKnownFileType = file.storyboard; name = Base; path = Base.lproj/LaunchScreen.storyboard; sourceTree = "<group>"; };
		C7392C771DAE36B600A52D09 /* Info.plist */ = {isa = PBXFileReference; lastKnownFileType = text.plist.xml; path = Info.plist; sourceTree = "<group>"; };
		C7BAC5771DAF1478003D4590 /* PrefixHeader.pch */ = {isa = PBXFileReference; lastKnownFileType = sourcecode.c.h; path = PrefixHeader.pch; sourceTree = "<group>"; };
		C7BAC5791DAF1F7C003D4590 /* Macros.h */ = {isa = PBXFileReference; fileEncoding = 4; lastKnownFileType = sourcecode.c.h; name = Macros.h; path = Util/Macros.h; sourceTree = "<group>"; };
		C7C364031DAF2F2C00DA1060 /* EnumTypes.h */ = {isa = PBXFileReference; fileEncoding = 4; lastKnownFileType = sourcecode.c.h; name = EnumTypes.h; path = Util/EnumTypes.h; sourceTree = "<group>"; };
		C7C364041DAF8A0800DA1060 /* Constants.h */ = {isa = PBXFileReference; fileEncoding = 4; lastKnownFileType = sourcecode.c.h; name = Constants.h; path = Util/Constants.h; sourceTree = "<group>"; };
/* End PBXFileReference section */

/* Begin PBXFrameworksBuildPhase section */
		C7392C601DAE36B600A52D09 /* Frameworks */ = {
			isa = PBXFrameworksBuildPhase;
			buildActionMask = 2147483647;
			files = (
				1C6200D313E7647ABB0D355E /* libPods-YiYuanStron.a in Frameworks */,
			);
			runOnlyForDeploymentPostprocessing = 0;
		};
/* End PBXFrameworksBuildPhase section */

/* Begin PBXGroup section */
		3E8A4D853D3CA44A883441B8 /* Frameworks */ = {
			isa = PBXGroup;
			children = (
				8C067514819BF7BDF354F875 /* libPods-YiYuanStron.a */,
			);
			name = Frameworks;
			sourceTree = "<group>";
		};
		6B1704CA1DDB007600C2775B /* webViewUtil */ = {
			isa = PBXGroup;
			children = (
				6B1704CB1DDB009B00C2775B /* MDRadialProgressLabel.h */,
				6B1704CC1DDB009B00C2775B /* MDRadialProgressLabel.m */,
				6B1704CD1DDB009B00C2775B /* MDRadialProgressTheme.h */,
				6B1704CE1DDB009B00C2775B /* MDRadialProgressTheme.m */,
				6B1704CF1DDB009B00C2775B /* MDRadialProgressView.h */,
				6B1704D01DDB009B00C2775B /* MDRadialProgressView.m */,
			);
			path = webViewUtil;
			sourceTree = "<group>";
		};
		6B28FB5B1DC8274E00AC4CC4 /* Main */ = {
			isa = PBXGroup;
			children = (
				6B037E611DD3096C0063300C /* MainNavigationController.h */,
				6B037E621DD3096C0063300C /* MainNavigationController.m */,
				6B28FB621DC82FB800AC4CC4 /* MainTabBarController.h */,
				6B28FB631DC82FB800AC4CC4 /* MainTabBarController.m */,
				6B28FB5C1DC8297C00AC4CC4 /* MainViewController.h */,
				6B28FB5D1DC8297C00AC4CC4 /* MainViewController.m */,
				6B8724241DD1D6B2009F55AA /* LeftViewController.h */,
				6B8724251DD1D6B2009F55AA /* LeftViewController.m */,
				6B037E5E1DD2CF4B0063300C /* RootViewController.h */,
				6B037E5F1DD2CF4B0063300C /* RootViewController.m */,
			);
			path = Main;
			sourceTree = "<group>";
		};
		6B504B411DDAB93F00E39F2A /* web */ = {
			isa = PBXGroup;
			children = (
				6B1704DD1DDB0EBE00C2775B /* WebViewController.h */,
				6B1704DE1DDB0EBE00C2775B /* WebViewController.m */,
			);
			path = web;
			sourceTree = "<group>";
		};
		6B504B421DDAB97200E39F2A /* webView */ = {
			isa = PBXGroup;
			children = (
				6B1704CA1DDB007600C2775B /* webViewUtil */,
				6B504B431DDAB9C100E39F2A /* hyWebView.h */,
				6B504B441DDAB9C100E39F2A /* hyWebView.m */,
			);
			path = webView;
			sourceTree = "<group>";
		};
		6B6F0F9E1DC1982C00B80339 /* Basic */ = {
			isa = PBXGroup;
			children = (
				6B6F0FA31DC1986B00B80339 /* BasicViewController.h */,
				6B6F0FA41DC1986B00B80339 /* BasicViewController.m */,
			);
			path = Basic;
			sourceTree = "<group>";
		};
		6B6F0F9F1DC1982C00B80339 /* Login */ = {
			isa = PBXGroup;
			children = (
				6B6F0FA01DC1984C00B80339 /* LoginViewController.h */,
				6B6F0FA11DC1984C00B80339 /* LoginViewController.m */,
			);
			path = Login;
			sourceTree = "<group>";
		};
		6B6F0FA61DC19C5E00B80339 /* Categories */ = {
			isa = PBXGroup;
			children = (
				6B1704DA1DDB0C0100C2775B /* UIColor+Expanded.h */,
				6B1704DB1DDB0C0100C2775B /* UIColor+Expanded.m */,
				6B1704D71DDB0B5400C2775B /* UIImage+Ex.h */,
				6B1704D81DDB0B5400C2775B /* UIImage+Ex.m */,
				6B1704D41DDB017600C2775B /* UIView+Ex.h */,
				6B1704D51DDB017600C2775B /* UIView+Ex.m */,
				6B1704C71DDAFFFF00C2775B /* UIWebViewAdditions.h */,
				6B1704C81DDAFFFF00C2775B /* UIWebViewAdditions.m */,
				6B6F0FA71DC19C7A00B80339 /* UIView+Animations.h */,
				6B6F0FA81DC19C7A00B80339 /* UIView+Animations.m */,
				6B9E4F8B1DD17C4C0033FC52 /* UIColor+Extern.h */,
				6B9E4F8C1DD17C4C0033FC52 /* UIColor+Extern.m */,
			);
			path = Categories;
			sourceTree = "<group>";
		};
		6BA012A81DD4425600173536 /* BannerScroll */ = {
			isa = PBXGroup;
			children = (
				6BDE03D01DC841B90020B051 /* BannerScrollView.h */,
				6BDE03D41DC86DE80020B051 /* BannerScrollView.m */,
				6BDE03D31DC86DE80020B051 /* BannerItemModel.h */,
				6BDE03D11DC841B90020B051 /* BannerItemModel.m */,
			);
			path = BannerScroll;
			sourceTree = "<group>";
		};
		6BA012AA1DD442DF00173536 /* MenuScroll */ = {
			isa = PBXGroup;
			children = (
				6BA012AB1DD4430C00173536 /* MenuScrollView.h */,
				6BA012AC1DD4430C00173536 /* MenuScrollView.m */,
				6BA012AE1DD45B6300173536 /* MenuItmeModel.h */,
				6BA012AF1DD45B6300173536 /* MenuItmeModel.m */,
			);
			path = MenuScroll;
			sourceTree = "<group>";
		};
		6BBFFCDE1DC0B65A00431691 /* ViewController */ = {
			isa = PBXGroup;
			children = (
				6B28FB5B1DC8274E00AC4CC4 /* Main */,
				6B6F0F9E1DC1982C00B80339 /* Basic */,
				6B6F0F9F1DC1982C00B80339 /* Login */,
				6B504B411DDAB93F00E39F2A /* web */,
			);
			path = ViewController;
			sourceTree = "<group>";
		};
		6BBFFCE01DC0B69D00431691 /* Helper */ = {
			isa = PBXGroup;
			children = (
				6B6F0FAA1DC1A04600B80339 /* AppMagagerSingle.h */,
				6B6F0FAB1DC1A04600B80339 /* AppMagagerSingle.m */,
			);
			path = Helper;
			sourceTree = "<group>";
		};
		6BBFFCE11DC0B69D00431691 /* Vendor */ = {
			isa = PBXGroup;
			children = (
			);
			path = Vendor;
			sourceTree = "<group>";
		};
		6BDE03CF1DC8414C0020B051 /* View */ = {
			isa = PBXGroup;
			children = (
				6B504B421DDAB97200E39F2A /* webView */,
				6BA012AA1DD442DF00173536 /* MenuScroll */,
				6BA012A81DD4425600173536 /* BannerScroll */,
			);
			path = View;
			sourceTree = "<group>";
		};
		C7392C5A1DAE36B600A52D09 = {
			isa = PBXGroup;
			children = (
				C7392C651DAE36B600A52D09 /* YiYuanStron */,
				C7392C641DAE36B600A52D09 /* Products */,
				CAED5F325B64DCC77257F827 /* Pods */,
				3E8A4D853D3CA44A883441B8 /* Frameworks */,
			);
			sourceTree = "<group>";
		};
		C7392C641DAE36B600A52D09 /* Products */ = {
			isa = PBXGroup;
			children = (
				C7392C631DAE36B600A52D09 /* YiYuanStron.app */,
			);
			name = Products;
			sourceTree = "<group>";
		};
		C7392C651DAE36B600A52D09 /* YiYuanStron */ = {
			isa = PBXGroup;
			children = (
				6B6F0FA61DC19C5E00B80339 /* Categories */,
				6BBFFCE01DC0B69D00431691 /* Helper */,
				6BBFFCE11DC0B69D00431691 /* Vendor */,
				C7392C8D1DAE3D6500A52D09 /* Util */,
				6BBFFCDE1DC0B65A00431691 /* ViewController */,
				6BDE03CF1DC8414C0020B051 /* View */,
				C7392C691DAE36B600A52D09 /* AppDelegate.h */,
				C7392C6A1DAE36B600A52D09 /* AppDelegate.m */,
				C7392C6F1DAE36B600A52D09 /* Main.storyboard */,
				C7392C721DAE36B600A52D09 /* Assets.xcassets */,
				C7392C741DAE36B600A52D09 /* LaunchScreen.storyboard */,
				C7392C661DAE36B600A52D09 /* Supporting Files */,
			);
			path = YiYuanStron;
			sourceTree = "<group>";
		};
		C7392C661DAE36B600A52D09 /* Supporting Files */ = {
			isa = PBXGroup;
			children = (
				C7392C671DAE36B600A52D09 /* main.m */,
				C7392C771DAE36B600A52D09 /* Info.plist */,
				C7BAC5771DAF1478003D4590 /* PrefixHeader.pch */,
			);
			name = "Supporting Files";
			sourceTree = "<group>";
		};
		C7392C8D1DAE3D6500A52D09 /* Util */ = {
			isa = PBXGroup;
			children = (
				C7C364041DAF8A0800DA1060 /* Constants.h */,
				C7C364031DAF2F2C00DA1060 /* EnumTypes.h */,
				C7BAC5791DAF1F7C003D4590 /* Macros.h */,
			);
			name = Util;
			sourceTree = "<group>";
		};
		CAED5F325B64DCC77257F827 /* Pods */ = {
			isa = PBXGroup;
			children = (
				2ABB790F2848138110D9C2DC /* Pods-YiYuanStron.debug.xcconfig */,
				694CD81C55C1DC0C7E2A335F /* Pods-YiYuanStron.release.xcconfig */,
			);
			name = Pods;
			sourceTree = "<group>";
		};
/* End PBXGroup section */

/* Begin PBXNativeTarget section */
		C7392C621DAE36B600A52D09 /* YiYuanStron */ = {
			isa = PBXNativeTarget;
			buildConfigurationList = C7392C7A1DAE36B600A52D09 /* Build configuration list for PBXNativeTarget "YiYuanStron" */;
			buildPhases = (
				81FF60492D8FABDD2C69BF43 /* [CP] Check Pods Manifest.lock */,
				C7392C5F1DAE36B600A52D09 /* Sources */,
				C7392C601DAE36B600A52D09 /* Frameworks */,
				C7392C611DAE36B600A52D09 /* Resources */,
				C7392C7D1DAE3B2700A52D09 /* ShellScript */,
				B40AD0D9174F26F164D0D236 /* [CP] Embed Pods Frameworks */,
				A498E57817F95E121C0D72B6 /* [CP] Copy Pods Resources */,
			);
			buildRules = (
			);
			dependencies = (
			);
			name = YiYuanStron;
			productName = YiYuanStron;
			productReference = C7392C631DAE36B600A52D09 /* YiYuanStron.app */;
			productType = "com.apple.product-type.application";
		};
/* End PBXNativeTarget section */

/* Begin PBXProject section */
		C7392C5B1DAE36B600A52D09 /* Project object */ = {
			isa = PBXProject;
			attributes = {
				LastUpgradeCheck = 0800;
				ORGANIZATIONNAME = huyan;
				TargetAttributes = {
					C7392C621DAE36B600A52D09 = {
						CreatedOnToolsVersion = 8.0;
						DevelopmentTeam = DV3CMC9R83;
						ProvisioningStyle = Automatic;
					};
				};
			};
			buildConfigurationList = C7392C5E1DAE36B600A52D09 /* Build configuration list for PBXProject "YiYuanStron" */;
			compatibilityVersion = "Xcode 3.2";
			developmentRegion = English;
			hasScannedForEncodings = 0;
			knownRegions = (
				en,
				Base,
			);
			mainGroup = C7392C5A1DAE36B600A52D09;
			productRefGroup = C7392C641DAE36B600A52D09 /* Products */;
			projectDirPath = "";
			projectRoot = "";
			targets = (
				C7392C621DAE36B600A52D09 /* YiYuanStron */,
			);
		};
/* End PBXProject section */

/* Begin PBXResourcesBuildPhase section */
		C7392C611DAE36B600A52D09 /* Resources */ = {
			isa = PBXResourcesBuildPhase;
			buildActionMask = 2147483647;
			files = (
				C7392C761DAE36B600A52D09 /* LaunchScreen.storyboard in Resources */,
				C7392C731DAE36B600A52D09 /* Assets.xcassets in Resources */,
				C7392C711DAE36B600A52D09 /* Main.storyboard in Resources */,
			);
			runOnlyForDeploymentPostprocessing = 0;
		};
/* End PBXResourcesBuildPhase section */

/* Begin PBXShellScriptBuildPhase section */
		81FF60492D8FABDD2C69BF43 /* [CP] Check Pods Manifest.lock */ = {
			isa = PBXShellScriptBuildPhase;
			buildActionMask = 2147483647;
			files = (
			);
			inputPaths = (
			);
			name = "[CP] Check Pods Manifest.lock";
			outputPaths = (
			);
			runOnlyForDeploymentPostprocessing = 0;
			shellPath = /bin/sh;
			shellScript = "diff \"${PODS_ROOT}/../Podfile.lock\" \"${PODS_ROOT}/Manifest.lock\" > /dev/null\nif [ $? != 0 ] ; then\n    # print error to STDERR\n    echo \"error: The sandbox is not in sync with the Podfile.lock. Run 'pod install' or update your CocoaPods installation.\" >&2\n    exit 1\nfi\n";
			showEnvVarsInLog = 0;
		};
		A498E57817F95E121C0D72B6 /* [CP] Copy Pods Resources */ = {
			isa = PBXShellScriptBuildPhase;
			buildActionMask = 2147483647;
			files = (
			);
			inputPaths = (
			);
			name = "[CP] Copy Pods Resources";
			outputPaths = (
			);
			runOnlyForDeploymentPostprocessing = 0;
			shellPath = /bin/sh;
			shellScript = "\"${SRCROOT}/Pods/Target Support Files/Pods-YiYuanStron/Pods-YiYuanStron-resources.sh\"\n";
			showEnvVarsInLog = 0;
		};
		B40AD0D9174F26F164D0D236 /* [CP] Embed Pods Frameworks */ = {
			isa = PBXShellScriptBuildPhase;
			buildActionMask = 2147483647;
			files = (
			);
			inputPaths = (
			);
			name = "[CP] Embed Pods Frameworks";
			outputPaths = (
			);
			runOnlyForDeploymentPostprocessing = 0;
			shellPath = /bin/sh;
			shellScript = "\"${SRCROOT}/Pods/Target Support Files/Pods-YiYuanStron/Pods-YiYuanStron-frameworks.sh\"\n";
			showEnvVarsInLog = 0;
		};
		C7392C7D1DAE3B2700A52D09 /* ShellScript */ = {
			isa = PBXShellScriptBuildPhase;
			buildActionMask = 2147483647;
			files = (
			);
			inputPaths = (
			);
			outputPaths = (
			);
			runOnlyForDeploymentPostprocessing = 0;
			shellPath = /bin/sh;
			shellScript = "xcrun agvtool next-version -all";
		};
/* End PBXShellScriptBuildPhase section */

/* Begin PBXSourcesBuildPhase section */
		C7392C5F1DAE36B600A52D09 /* Sources */ = {
			isa = PBXSourcesBuildPhase;
			buildActionMask = 2147483647;
			files = (
				6B1704D21DDB009B00C2775B /* MDRadialProgressTheme.m in Sources */,
				C7392C6B1DAE36B600A52D09 /* AppDelegate.m in Sources */,
				6B504B451DDAB9C100E39F2A /* hyWebView.m in Sources */,
				6B1704D11DDB009B00C2775B /* MDRadialProgressLabel.m in Sources */,
				6B9E4F8D1DD17C4C0033FC52 /* UIColor+Extern.m in Sources */,
				6B6F0FA51DC1986B00B80339 /* BasicViewController.m in Sources */,
				6B1704DC1DDB0C0100C2775B /* UIColor+Expanded.m in Sources */,
				6B6F0FAC1DC1A04600B80339 /* AppMagagerSingle.m in Sources */,
				6B037E631DD3096C0063300C /* MainNavigationController.m in Sources */,
				C7392C681DAE36B600A52D09 /* main.m in Sources */,
				6B28FB5E1DC8297C00AC4CC4 /* MainViewController.m in Sources */,
				6B6F0FA91DC19C7A00B80339 /* UIView+Animations.m in Sources */,
				6B1704D91DDB0B5400C2775B /* UIImage+Ex.m in Sources */,
				6B1704D31DDB009B00C2775B /* MDRadialProgressView.m in Sources */,
				6BDE03D51DC86DE80020B051 /* BannerScrollView.m in Sources */,
				6B1704D61DDB017600C2775B /* UIView+Ex.m in Sources */,
				6B28FB641DC82FB800AC4CC4 /* MainTabBarController.m in Sources */,
				6B1704C91DDAFFFF00C2775B /* UIWebViewAdditions.m in Sources */,
				6B8724261DD1D6B2009F55AA /* LeftViewController.m in Sources */,
				6BA012AD1DD4430C00173536 /* MenuScrollView.m in Sources */,
				6B037E601DD2CF4B0063300C /* RootViewController.m in Sources */,
				6B1704DF1DDB0EBE00C2775B /* WebViewController.m in Sources */,
				6B6F0FA21DC1984C00B80339 /* LoginViewController.m in Sources */,
				6BDE03D21DC841B90020B051 /* BannerItemModel.m in Sources */,
				6BA012B01DD45B6300173536 /* MenuItmeModel.m in Sources */,
			);
			runOnlyForDeploymentPostprocessing = 0;
		};
/* End PBXSourcesBuildPhase section */

/* Begin PBXVariantGroup section */
		C7392C6F1DAE36B600A52D09 /* Main.storyboard */ = {
			isa = PBXVariantGroup;
			children = (
				C7392C701DAE36B600A52D09 /* Base */,
			);
			name = Main.storyboard;
			sourceTree = "<group>";
		};
		C7392C741DAE36B600A52D09 /* LaunchScreen.storyboard */ = {
			isa = PBXVariantGroup;
			children = (
				C7392C751DAE36B600A52D09 /* Base */,
			);
			name = LaunchScreen.storyboard;
			sourceTree = "<group>";
		};
/* End PBXVariantGroup section */

/* Begin XCBuildConfiguration section */
		C7392C781DAE36B600A52D09 /* Debug */ = {
			isa = XCBuildConfiguration;
			buildSettings = {
				ALWAYS_SEARCH_USER_PATHS = NO;
				CLANG_ANALYZER_NONNULL = YES;
				CLANG_CXX_LANGUAGE_STANDARD = "gnu++0x";
				CLANG_CXX_LIBRARY = "libc++";
				CLANG_ENABLE_MODULES = YES;
				CLANG_ENABLE_OBJC_ARC = YES;
				CLANG_WARN_BOOL_CONVERSION = YES;
				CLANG_WARN_CONSTANT_CONVERSION = YES;
				CLANG_WARN_DIRECT_OBJC_ISA_USAGE = YES_ERROR;
				CLANG_WARN_DOCUMENTATION_COMMENTS = YES;
				CLANG_WARN_EMPTY_BODY = YES;
				CLANG_WARN_ENUM_CONVERSION = YES;
				CLANG_WARN_INFINITE_RECURSION = YES;
				CLANG_WARN_INT_CONVERSION = YES;
				CLANG_WARN_OBJC_ROOT_CLASS = YES_ERROR;
				CLANG_WARN_SUSPICIOUS_MOVE = YES;
				CLANG_WARN_SUSPICIOUS_MOVES = YES;
				CLANG_WARN_UNREACHABLE_CODE = YES;
				CLANG_WARN__DUPLICATE_METHOD_MATCH = YES;
				"CODE_SIGN_IDENTITY[sdk=iphoneos*]" = "iPhone Developer";
				COPY_PHASE_STRIP = NO;
				CURRENT_PROJECT_VERSION = 382;
				DEBUG_INFORMATION_FORMAT = dwarf;
				ENABLE_STRICT_OBJC_MSGSEND = YES;
				ENABLE_TESTABILITY = YES;
				GCC_C_LANGUAGE_STANDARD = gnu99;
				GCC_DYNAMIC_NO_PIC = NO;
				GCC_NO_COMMON_BLOCKS = YES;
				GCC_OPTIMIZATION_LEVEL = 0;
				GCC_PREPROCESSOR_DEFINITIONS = (
					"DEBUG=1",
					"$(inherited)",
				);
				GCC_WARN_64_TO_32_BIT_CONVERSION = YES;
				GCC_WARN_ABOUT_RETURN_TYPE = YES_ERROR;
				GCC_WARN_UNDECLARED_SELECTOR = YES;
				GCC_WARN_UNINITIALIZED_AUTOS = YES_AGGRESSIVE;
				GCC_WARN_UNUSED_FUNCTION = YES;
				GCC_WARN_UNUSED_VARIABLE = YES;
				IPHONEOS_DEPLOYMENT_TARGET = 10.0;
				MTL_ENABLE_DEBUG_INFO = YES;
				ONLY_ACTIVE_ARCH = YES;
				SDKROOT = iphoneos;
				VERSIONING_SYSTEM = "apple-generic";
			};
			name = Debug;
		};
		C7392C791DAE36B600A52D09 /* Release */ = {
			isa = XCBuildConfiguration;
			buildSettings = {
				ALWAYS_SEARCH_USER_PATHS = NO;
				CLANG_ANALYZER_NONNULL = YES;
				CLANG_CXX_LANGUAGE_STANDARD = "gnu++0x";
				CLANG_CXX_LIBRARY = "libc++";
				CLANG_ENABLE_MODULES = YES;
				CLANG_ENABLE_OBJC_ARC = YES;
				CLANG_WARN_BOOL_CONVERSION = YES;
				CLANG_WARN_CONSTANT_CONVERSION = YES;
				CLANG_WARN_DIRECT_OBJC_ISA_USAGE = YES_ERROR;
				CLANG_WARN_DOCUMENTATION_COMMENTS = YES;
				CLANG_WARN_EMPTY_BODY = YES;
				CLANG_WARN_ENUM_CONVERSION = YES;
				CLANG_WARN_INFINITE_RECURSION = YES;
				CLANG_WARN_INT_CONVERSION = YES;
				CLANG_WARN_OBJC_ROOT_CLASS = YES_ERROR;
				CLANG_WARN_SUSPICIOUS_MOVE = YES;
				CLANG_WARN_SUSPICIOUS_MOVES = YES;
				CLANG_WARN_UNREACHABLE_CODE = YES;
				CLANG_WARN__DUPLICATE_METHOD_MATCH = YES;
				"CODE_SIGN_IDENTITY[sdk=iphoneos*]" = "iPhone Developer";
				COPY_PHASE_STRIP = NO;
				CURRENT_PROJECT_VERSION = 382;
				DEBUG_INFORMATION_FORMAT = "dwarf-with-dsym";
				ENABLE_NS_ASSERTIONS = NO;
				ENABLE_STRICT_OBJC_MSGSEND = YES;
				GCC_C_LANGUAGE_STANDARD = gnu99;
				GCC_NO_COMMON_BLOCKS = YES;
				GCC_WARN_64_TO_32_BIT_CONVERSION = YES;
				GCC_WARN_ABOUT_RETURN_TYPE = YES_ERROR;
				GCC_WARN_UNDECLARED_SELECTOR = YES;
				GCC_WARN_UNINITIALIZED_AUTOS = YES_AGGRESSIVE;
				GCC_WARN_UNUSED_FUNCTION = YES;
				GCC_WARN_UNUSED_VARIABLE = YES;
				IPHONEOS_DEPLOYMENT_TARGET = 10.0;
				MTL_ENABLE_DEBUG_INFO = NO;
				SDKROOT = iphoneos;
				VALIDATE_PRODUCT = YES;
				VERSIONING_SYSTEM = "apple-generic";
			};
			name = Release;
		};
		C7392C7B1DAE36B600A52D09 /* Debug */ = {
			isa = XCBuildConfiguration;
			baseConfigurationReference = 2ABB790F2848138110D9C2DC /* Pods-YiYuanStron.debug.xcconfig */;
			buildSettings = {
				ASSETCATALOG_COMPILER_APPICON_NAME = AppIcon;
				DEVELOPMENT_TEAM = DV3CMC9R83;
				GCC_PREFIX_HEADER = "$(SRCROOT)/YiYuanStron/PrefixHeader.pch";
				INFOPLIST_FILE = YiYuanStron/Info.plist;
				IPHONEOS_DEPLOYMENT_TARGET = 8.3;
				LD_RUNPATH_SEARCH_PATHS = "$(inherited) @executable_path/Frameworks";
				PRODUCT_BUNDLE_IDENTIFIER = HY.YiYuanStron;
				PRODUCT_NAME = "$(TARGET_NAME)";
			};
			name = Debug;
		};
		C7392C7C1DAE36B600A52D09 /* Release */ = {
			isa = XCBuildConfiguration;
			baseConfigurationReference = 694CD81C55C1DC0C7E2A335F /* Pods-YiYuanStron.release.xcconfig */;
			buildSettings = {
				ASSETCATALOG_COMPILER_APPICON_NAME = AppIcon;
				DEVELOPMENT_TEAM = DV3CMC9R83;
				GCC_PREFIX_HEADER = "$(SRCROOT)/YiYuanStron/PrefixHeader.pch";
				INFOPLIST_FILE = YiYuanStron/Info.plist;
				IPHONEOS_DEPLOYMENT_TARGET = 8.3;
				LD_RUNPATH_SEARCH_PATHS = "$(inherited) @executable_path/Frameworks";
				PRODUCT_BUNDLE_IDENTIFIER = HY.YiYuanStron;
				PRODUCT_NAME = "$(TARGET_NAME)";
			};
			name = Release;
		};
/* End XCBuildConfiguration section */

/* Begin XCConfigurationList section */
		C7392C5E1DAE36B600A52D09 /* Build configuration list for PBXProject "YiYuanStron" */ = {
			isa = XCConfigurationList;
			buildConfigurations = (
				C7392C781DAE36B600A52D09 /* Debug */,
				C7392C791DAE36B600A52D09 /* Release */,
			);
			defaultConfigurationIsVisible = 0;
			defaultConfigurationName = Release;
		};
		C7392C7A1DAE36B600A52D09 /* Build configuration list for PBXNativeTarget "YiYuanStron" */ = {
			isa = XCConfigurationList;
			buildConfigurations = (
				C7392C7B1DAE36B600A52D09 /* Debug */,
				C7392C7C1DAE36B600A52D09 /* Release */,
			);
			defaultConfigurationIsVisible = 0;
			defaultConfigurationName = Release;
		};
/* End XCConfigurationList section */
	};
	rootObject = C7392C5B1DAE36B600A52D09 /* Project object */;
}
